
Microsoft Visual Studio Solution File, Format Version 12.00
# Visual Studio Version 17
VisualStudioVersion = 17.14.36603.0 d17.14
MinimumVisualStudioVersion = 10.0.40219.1
Project("{FAE04EC0-301F-11D3-BF4B-00C04F79EFBC}") = "api-prueba-ecop", "api-prueba-ecop\api-prueba-ecop.csproj", "{1AFE7DF1-FA65-4450-964D-07A3C82B5EEC}"
EndProject
Global
	GlobalSection(SolutionConfigurationPlatforms) = preSolution
		Debug|Any CPU = Debug|Any CPU
		Release|Any CPU = Release|Any CPU
	EndGlobalSection
	GlobalSection(ProjectConfigurationPlatforms) = postSolution
		{1AFE7DF1-FA65-4450-964D-07A3C82B5EEC}.Debug|Any CPU.ActiveCfg = Debug|Any CPU
		{1AFE7DF1-FA65-4450-964D-07A3C82B5EEC}.Debug|Any CPU.Build.0 = Debug|Any CPU
		{1AFE7DF1-FA65-4450-964D-07A3C82B5EEC}.Release|Any CPU.ActiveCfg = Release|Any CPU
		{1AFE7DF1-FA65-4450-964D-07A3C82B5EEC}.Release|Any CPU.Build.0 = Release|Any CPU
	EndGlobalSection
	GlobalSection(SolutionProperties) = preSolution
		HideSolutionNode = FALSE
	EndGlobalSection
	GlobalSection(ExtensibilityGlobals) = postSolution
		SolutionGuid = {446DBE52-A15D-4E85-842D-FDD4E4164D1F}
	EndGlobalSection
EndGlobal
